// !$*UTF8*$!
{
	archiveVersion = 1;
	classes = {
	};
	objectVersion = 55;
	objects = {

/* Begin PBXBuildFile section */
		1F479BA626EF162000F863AC /* TahuduApp.swift in Sources */ = {isa = PBXBuildFile; fileRef = 1F479BA526EF162000F863AC /* TahuduApp.swift */; };
		1F479BAA26EF162400F863AC /* Assets.xcassets in Resources */ = {isa = PBXBuildFile; fileRef = 1F479BA926EF162400F863AC /* Assets.xcassets */; };
		1F479BAD26EF162400F863AC /* Preview Assets.xcassets in Resources */ = {isa = PBXBuildFile; fileRef = 1F479BAC26EF162400F863AC /* Preview Assets.xcassets */; };
		1F479BB726EF162400F863AC /* TahuduTests.swift in Sources */ = {isa = PBXBuildFile; fileRef = 1F479BB626EF162400F863AC /* TahuduTests.swift */; };
		1F479BD526EF18B800F863AC /* ClearableTextField.swift in Sources */ = {isa = PBXBuildFile; fileRef = 1F479BD426EF18B800F863AC /* ClearableTextField.swift */; };
		1F479BD726EF1A0200F863AC /* Colors.swift in Sources */ = {isa = PBXBuildFile; fileRef = 1F479BD626EF1A0200F863AC /* Colors.swift */; };
		1F479BD926EF1A9600F863AC /* TahuduTabView.swift in Sources */ = {isa = PBXBuildFile; fileRef = 1F479BD826EF1A9600F863AC /* TahuduTabView.swift */; };
		1F479BDD26EF1AD400F863AC /* SearchView.swift in Sources */ = {isa = PBXBuildFile; fileRef = 1F479BDC26EF1AD400F863AC /* SearchView.swift */; };
		1F479BDF26EF1AE600F863AC /* SettingsView.swift in Sources */ = {isa = PBXBuildFile; fileRef = 1F479BDE26EF1AE600F863AC /* SettingsView.swift */; };
		1F479BEB26EF333800F863AC /* ContactButton.swift in Sources */ = {isa = PBXBuildFile; fileRef = 1F479BEA26EF333800F863AC /* ContactButton.swift */; };
		1F479BEE26F06FDD00F863AC /* SettingsViewController.swift in Sources */ = {isa = PBXBuildFile; fileRef = 1F479BED26F06FDD00F863AC /* SettingsViewController.swift */; };
		1F566C08272964C6000D4E93 /* ContactType.swift in Sources */ = {isa = PBXBuildFile; fileRef = 1F566C072729641D000D4E93 /* ContactType.swift */; };
		1F566C0927296594000D4E93 /* Image.swift in Sources */ = {isa = PBXBuildFile; fileRef = 1F566C05272963EE000D4E93 /* Image.swift */; };
		2D348A032F89B2D700ADA472 /* Property.swift in Sources */ = {isa = PBXBuildFile; fileRef = 2D348A022F89B2D700ADA472 /* Property.swift */; };
		2D348A072F89B2F200ADA472 /* TagsView.swift in Sources */ = {isa = PBXBuildFile; fileRef = 2D348A062F89B2F200ADA472 /* TagsView.swift */; };
		2D348A082F89B2F200ADA472 /* CardView.swift in Sources */ = {isa = PBXBuildFile; fileRef = 2D348A042F89B2F200ADA472 /* CardView.swift */; };
		2D348A092F89B2F200ADA472 /* CarouselView.swift in Sources */ = {isa = PBXBuildFile; fileRef = 2D348A052F89B2F200ADA472 /* CarouselView.swift */; };
		2D348A0B2F89B67900ADA472 /* FontExt.swift in Sources */ = {isa = PBXBuildFile; fileRef = 2D348A0A2F89B67900ADA472 /* FontExt.swift */; };
		2D348A0D2F89BC7600ADA472 /* FavoriteButton.swift in Sources */ = {isa = PBXBuildFile; fileRef = 2D348A0C2F89BC7600ADA472 /* FavoriteButton.swift */; };
		2D348A0F2F89BC9500ADA472 /* SFSymbol.swift in Sources */ = {isa = PBXBuildFile; fileRef = 2D348A0E2F89BC9500ADA472 /* SFSymbol.swift */; };
		2D348A172F8A675C00ADA472 /* RequestBuilder.swift in Sources */ = {isa = PBXBuildFile; fileRef = 2D348A142F8A675B00ADA472 /* RequestBuilder.swift */; };
		2D348A1A2F8A675C00ADA472 /* APIError.swift in Sources */ = {isa = PBXBuildFile; fileRef = 2D348A102F8A675B00ADA472 /* APIError.swift */; };
		2D348A1B2F8A675C00ADA472 /* PropertyEndpoint.swift in Sources */ = {isa = PBXBuildFile; fileRef = 2D348A132F8A675B00ADA472 /* PropertyEndpoint.swift */; };
		2D348A1C2F8A675C00ADA472 /* Endpoint.swift in Sources */ = {isa = PBXBuildFile; fileRef = 2D348A122F8A675B00ADA472 /* Endpoint.swift */; };
		2D348A1E2F8A7C2D00ADA472 /* ListingsResponse.swift in Sources */ = {isa = PBXBuildFile; fileRef = 2D348A1D2F8A7C2C00ADA472 /* ListingsResponse.swift */; };
		2D348A212F8A7CD400ADA472 /* SearchViewModel.swift in Sources */ = {isa = PBXBuildFile; fileRef = 2D348A202F8A7CD400ADA472 /* SearchViewModel.swift */; };
		2D348A232F8A8A0000ADA472 /* listings_sample.json in Resources */ = {isa = PBXBuildFile; fileRef = 2D348A222F8A8A0000ADA472 /* listings_sample.json */; };
		2D348A252F8A7F1400ADA472 /* APIProvider.swift in Sources */ = {isa = PBXBuildFile; fileRef = 2D348A242F8A7F1400ADA472 /* APIProvider.swift */; };
		2D348A282F8A84FC00ADA472 /* APIToDomainConverter.swift in Sources */ = {isa = PBXBuildFile; fileRef = 2D348A272F8A84FC00ADA472 /* APIToDomainConverter.swift */; };
		2D348A2E2F8A9D3000ADA472 /* FavouritesStore.swift in Sources */ = {isa = PBXBuildFile; fileRef = 2D348A2B2F8A9D3000ADA472 /* FavouritesStore.swift */; };
		2D348A2F2F8A9D3000ADA472 /* PersistenceController.swift in Sources */ = {isa = PBXBuildFile; fileRef = 2D348A2C2F8A9D3000ADA472 /* PersistenceController.swift */; };
		2D348A322F8A9E5400ADA472 /* PropertyRepository.swift in Sources */ = {isa = PBXBuildFile; fileRef = 2D348A302F8A9E5400ADA472 /* PropertyRepository.swift */; };
		2D348A392F8AA19400ADA472 /* FavouriteProperty.swift in Sources */ = {isa = PBXBuildFile; fileRef = 2D348A372F8AA19400ADA472 /* FavouriteProperty.swift */; };
		2D348A3B2F8AA30F00ADA472 /* Tahudu.xcdatamodeld in Sources */ = {isa = PBXBuildFile; fileRef = 2D348A292F8A90FF00ADA472 /* Tahudu.xcdatamodeld */; };
		2D348A3D2F8AAA4100ADA472 /* PropertyTag.swift in Sources */ = {isa = PBXBuildFile; fileRef = 2D348A3C2F8AAA4100ADA472 /* PropertyTag.swift */; };
		2D348A3F2F8AAA6700ADA472 /* DateExt.swift in Sources */ = {isa = PBXBuildFile; fileRef = 2D348A3E2F8AAA6700ADA472 /* DateExt.swift */; };
		2D348A432F8AAD5900ADA472 /* Localizable.xcstrings in Resources */ = {isa = PBXBuildFile; fileRef = 2D348A422F8AAD5900ADA472 /* Localizable.xcstrings */; };
		2D8681012F8BCB5D0068E2B5 /* ToastView.swift in Sources */ = {isa = PBXBuildFile; fileRef = 2D8680FD2F8BCB5D0068E2B5 /* ToastView.swift */; };
		2D8681032F8BDF1D0068E2B5 /* SettingsItem.swift in Sources */ = {isa = PBXBuildFile; fileRef = 2D8681022F8BDF1D0068E2B5 /* SettingsItem.swift */; };
		2D8681062F8BDF350068E2B5 /* SettingsCell.swift in Sources */ = {isa = PBXBuildFile; fileRef = 2D8681042F8BDF350068E2B5 /* SettingsCell.swift */; };
		2D8681082F8BE3900068E2B5 /* SettingsViewModel.swift in Sources */ = {isa = PBXBuildFile; fileRef = 2D8681072F8BE3900068E2B5 /* SettingsViewModel.swift */; };
		2D86810A2F8BE4A80068E2B5 /* UITableViewExt.swift in Sources */ = {isa = PBXBuildFile; fileRef = 2D8681092F8BE4A80068E2B5 /* UITableViewExt.swift */; };
		2D8681122F8C2ECB0068E2B5 /* EndpointExt.swift in Sources */ = {isa = PBXBuildFile; fileRef = 2D8681112F8C2ECB0068E2B5 /* EndpointExt.swift */; };
		2DFCB70E2F8AD02900B78EA1 /* TagView.swift in Sources */ = {isa = PBXBuildFile; fileRef = 2DFCB70D2F8AD02900B78EA1 /* TagView.swift */; };
/* End PBXBuildFile section */

/* Begin PBXContainerItemProxy section */
		1F479BB326EF162400F863AC /* PBXContainerItemProxy */ = {
			isa = PBXContainerItemProxy;
			containerPortal = 1F479B9A26EF162000F863AC /* Project object */;
			proxyType = 1;
			remoteGlobalIDString = 1F479BA126EF162000F863AC;
			remoteInfo = Tahudu;
		};
/* End PBXContainerItemProxy section */

/* Begin PBXFileReference section */
		1F479BA226EF162000F863AC /* Tahudu.app */ = {isa = PBXFileReference; explicitFileType = wrapper.application; includeInIndex = 0; path = Tahudu.app; sourceTree = BUILT_PRODUCTS_DIR; };
		1F479BA526EF162000F863AC /* TahuduApp.swift */ = {isa = PBXFileReference; lastKnownFileType = sourcecode.swift; path = TahuduApp.swift; sourceTree = "<group>"; };
		1F479BA926EF162400F863AC /* Assets.xcassets */ = {isa = PBXFileReference; lastKnownFileType = folder.assetcatalog; path = Assets.xcassets; sourceTree = "<group>"; };
		1F479BAC26EF162400F863AC /* Preview Assets.xcassets */ = {isa = PBXFileReference; lastKnownFileType = folder.assetcatalog; path = "Preview Assets.xcassets"; sourceTree = "<group>"; };
		1F479BB226EF162400F863AC /* TahuduTests.xctest */ = {isa = PBXFileReference; explicitFileType = wrapper.cfbundle; includeInIndex = 0; path = TahuduTests.xctest; sourceTree = BUILT_PRODUCTS_DIR; };
		1F479BB626EF162400F863AC /* TahuduTests.swift */ = {isa = PBXFileReference; lastKnownFileType = sourcecode.swift; path = TahuduTests.swift; sourceTree = "<group>"; };
		1F479BD426EF18B800F863AC /* ClearableTextField.swift */ = {isa = PBXFileReference; lastKnownFileType = sourcecode.swift; path = ClearableTextField.swift; sourceTree = "<group>"; };
		1F479BD626EF1A0200F863AC /* Colors.swift */ = {isa = PBXFileReference; lastKnownFileType = sourcecode.swift; path = Colors.swift; sourceTree = "<group>"; };
		1F479BD826EF1A9600F863AC /* TahuduTabView.swift */ = {isa = PBXFileReference; lastKnownFileType = sourcecode.swift; path = TahuduTabView.swift; sourceTree = "<group>"; };
		1F479BDC26EF1AD400F863AC /* SearchView.swift */ = {isa = PBXFileReference; lastKnownFileType = sourcecode.swift; path = SearchView.swift; sourceTree = "<group>"; };
		1F479BDE26EF1AE600F863AC /* SettingsView.swift */ = {isa = PBXFileReference; lastKnownFileType = sourcecode.swift; path = SettingsView.swift; sourceTree = "<group>"; };
		1F479BE026EF1D3B00F863AC /* README.md */ = {isa = PBXFileReference; lastKnownFileType = net.daringfireball.markdown; path = README.md; sourceTree = SOURCE_ROOT; };
		1F479BEA26EF333800F863AC /* ContactButton.swift */ = {isa = PBXFileReference; fileEncoding = 4; lastKnownFileType = sourcecode.swift; path = ContactButton.swift; sourceTree = "<group>"; };
		1F479BED26F06FDD00F863AC /* SettingsViewController.swift */ = {isa = PBXFileReference; lastKnownFileType = sourcecode.swift; path = SettingsViewController.swift; sourceTree = "<group>"; };
		1F566C05272963EE000D4E93 /* Image.swift */ = {isa = PBXFileReference; lastKnownFileType = sourcecode.swift; path = Image.swift; sourceTree = "<group>"; };
		1F566C072729641D000D4E93 /* ContactType.swift */ = {isa = PBXFileReference; lastKnownFileType = sourcecode.swift; path = ContactType.swift; sourceTree = "<group>"; };
		2D348A022F89B2D700ADA472 /* Property.swift */ = {isa = PBXFileReference; lastKnownFileType = sourcecode.swift; path = Property.swift; sourceTree = "<group>"; };
		2D348A042F89B2F200ADA472 /* CardView.swift */ = {isa = PBXFileReference; lastKnownFileType = sourcecode.swift; path = CardView.swift; sourceTree = "<group>"; };
		2D348A052F89B2F200ADA472 /* CarouselView.swift */ = {isa = PBXFileReference; lastKnownFileType = sourcecode.swift; path = CarouselView.swift; sourceTree = "<group>"; };
		2D348A062F89B2F200ADA472 /* TagsView.swift */ = {isa = PBXFileReference; lastKnownFileType = sourcecode.swift; path = TagsView.swift; sourceTree = "<group>"; };
		2D348A0A2F89B67900ADA472 /* FontExt.swift */ = {isa = PBXFileReference; lastKnownFileType = sourcecode.swift; path = FontExt.swift; sourceTree = "<group>"; };
		2D348A0C2F89BC7600ADA472 /* FavoriteButton.swift */ = {isa = PBXFileReference; lastKnownFileType = sourcecode.swift; path = FavoriteButton.swift; sourceTree = "<group>"; };
		2D348A0E2F89BC9500ADA472 /* SFSymbol.swift */ = {isa = PBXFileReference; lastKnownFileType = sourcecode.swift; path = SFSymbol.swift; sourceTree = "<group>"; };
		2D348A102F8A675B00ADA472 /* APIError.swift */ = {isa = PBXFileReference; lastKnownFileType = sourcecode.swift; path = APIError.swift; sourceTree = "<group>"; };
		2D348A122F8A675B00ADA472 /* Endpoint.swift */ = {isa = PBXFileReference; lastKnownFileType = sourcecode.swift; path = Endpoint.swift; sourceTree = "<group>"; };
		2D348A132F8A675B00ADA472 /* PropertyEndpoint.swift */ = {isa = PBXFileReference; lastKnownFileType = sourcecode.swift; path = PropertyEndpoint.swift; sourceTree = "<group>"; };
		2D348A142F8A675B00ADA472 /* RequestBuilder.swift */ = {isa = PBXFileReference; lastKnownFileType = sourcecode.swift; path = RequestBuilder.swift; sourceTree = "<group>"; };
		2D348A1D2F8A7C2C00ADA472 /* ListingsResponse.swift */ = {isa = PBXFileReference; lastKnownFileType = sourcecode.swift; path = ListingsResponse.swift; sourceTree = "<group>"; };
		2D348A202F8A7CD400ADA472 /* SearchViewModel.swift */ = {isa = PBXFileReference; lastKnownFileType = sourcecode.swift; path = SearchViewModel.swift; sourceTree = "<group>"; };
		2D348A222F8A8A0000ADA472 /* listings_sample.json */ = {isa = PBXFileReference; lastKnownFileType = text.json; path = listings_sample.json; sourceTree = "<group>"; };
		2D348A242F8A7F1400ADA472 /* APIProvider.swift */ = {isa = PBXFileReference; lastKnownFileType = sourcecode.swift; path = APIProvider.swift; sourceTree = "<group>"; };
		2D348A272F8A84FC00ADA472 /* APIToDomainConverter.swift */ = {isa = PBXFileReference; lastKnownFileType = sourcecode.swift; path = APIToDomainConverter.swift; sourceTree = "<group>"; };
		2D348A2A2F8A90FF00ADA472 /* Tahudu.xcdatamodel */ = {isa = PBXFileReference; lastKnownFileType = wrapper.xcdatamodel; path = Tahudu.xcdatamodel; sourceTree = "<group>"; };
		2D348A2B2F8A9D3000ADA472 /* FavouritesStore.swift */ = {isa = PBXFileReference; lastKnownFileType = sourcecode.swift; path = FavouritesStore.swift; sourceTree = "<group>"; };
		2D348A2C2F8A9D3000ADA472 /* PersistenceController.swift */ = {isa = PBXFileReference; lastKnownFileType = sourcecode.swift; path = PersistenceController.swift; sourceTree = "<group>"; };
		2D348A302F8A9E5400ADA472 /* PropertyRepository.swift */ = {isa = PBXFileReference; lastKnownFileType = sourcecode.swift; path = PropertyRepository.swift; sourceTree = "<group>"; };
		2D348A372F8AA19400ADA472 /* FavouriteProperty.swift */ = {isa = PBXFileReference; lastKnownFileType = sourcecode.swift; path = FavouriteProperty.swift; sourceTree = "<group>"; };
		2D348A3C2F8AAA4100ADA472 /* PropertyTag.swift */ = {isa = PBXFileReference; lastKnownFileType = sourcecode.swift; path = PropertyTag.swift; sourceTree = "<group>"; };
		2D348A3E2F8AAA6700ADA472 /* DateExt.swift */ = {isa = PBXFileReference; lastKnownFileType = sourcecode.swift; path = DateExt.swift; sourceTree = "<group>"; };
		2D348A422F8AAD5900ADA472 /* Localizable.xcstrings */ = {isa = PBXFileReference; lastKnownFileType = text.json.xcstrings; path = Localizable.xcstrings; sourceTree = "<group>"; };
		2D8680FD2F8BCB5D0068E2B5 /* ToastView.swift */ = {isa = PBXFileReference; lastKnownFileType = sourcecode.swift; path = ToastView.swift; sourceTree = "<group>"; };
		2D8681022F8BDF1D0068E2B5 /* SettingsItem.swift */ = {isa = PBXFileReference; lastKnownFileType = sourcecode.swift; path = SettingsItem.swift; sourceTree = "<group>"; };
		2D8681042F8BDF350068E2B5 /* SettingsCell.swift */ = {isa = PBXFileReference; lastKnownFileType = sourcecode.swift; path = SettingsCell.swift; sourceTree = "<group>"; };
		2D8681072F8BE3900068E2B5 /* SettingsViewModel.swift */ = {isa = PBXFileReference; lastKnownFileType = sourcecode.swift; path = SettingsViewModel.swift; sourceTree = "<group>"; };
		2D8681092F8BE4A80068E2B5 /* UITableViewExt.swift */ = {isa = PBXFileReference; lastKnownFileType = sourcecode.swift; path = UITableViewExt.swift; sourceTree = "<group>"; };
		2D8681112F8C2ECB0068E2B5 /* EndpointExt.swift */ = {isa = PBXFileReference; lastKnownFileType = sourcecode.swift; path = EndpointExt.swift; sourceTree = "<group>"; };
		2DFCB70D2F8AD02900B78EA1 /* TagView.swift */ = {isa = PBXFileReference; lastKnownFileType = sourcecode.swift; path = TagView.swift; sourceTree = "<group>"; };
/* End PBXFileReference section */

/* Begin PBXFrameworksBuildPhase section */
		1F479B9F26EF162000F863AC /* Frameworks */ = {
			isa = PBXFrameworksBuildPhase;
			buildActionMask = 2147483647;
			files = (
			);
			runOnlyForDeploymentPostprocessing = 0;
		};
		1F479BAF26EF162400F863AC /* Frameworks */ = {
			isa = PBXFrameworksBuildPhase;
			buildActionMask = 2147483647;
			files = (
			);
			runOnlyForDeploymentPostprocessing = 0;
		};
/* End PBXFrameworksBuildPhase section */

/* Begin PBXGroup section */
		1F479B9926EF162000F863AC = {
			isa = PBXGroup;
			children = (
				1F479BE026EF1D3B00F863AC /* README.md */,
				1F479BA426EF162000F863AC /* Tahudu */,
				1F479BB526EF162400F863AC /* TahuduTests */,
				1F479BA326EF162000F863AC /* Products */,
			);
			sourceTree = "<group>";
		};
		1F479BA326EF162000F863AC /* Products */ = {
			isa = PBXGroup;
			children = (
				1F479BA226EF162000F863AC /* Tahudu.app */,
				1F479BB226EF162400F863AC /* TahuduTests.xctest */,
			);
			name = Products;
			sourceTree = "<group>";
		};
		1F479BA426EF162000F863AC /* Tahudu */ = {
			isa = PBXGroup;
			children = (
				2D86810B2F8C2B2E0068E2B5 /* Global */,
				2D348A402F8AACFC00ADA472 /* Resources */,
				2D348A312F8A9E5400ADA472 /* Repository */,
				2D348A2D2F8A9D3000ADA472 /* Persistence */,
				2D348A162F8A675B00ADA472 /* Networking */,
				1F566C0627296406000D4E93 /* Models */,
				1F479BD126EF180500F863AC /* Screens */,
				1F479BAB26EF162400F863AC /* Preview Content */,
				1F479BA526EF162000F863AC /* TahuduApp.swift */,
				1F479BD826EF1A9600F863AC /* TahuduTabView.swift */,
			);
			path = Tahudu;
			sourceTree = "<group>";
		};
		1F479BAB26EF162400F863AC /* Preview Content */ = {
			isa = PBXGroup;
			children = (
				1F479BAC26EF162400F863AC /* Preview Assets.xcassets */,
			);
			path = "Preview Content";
			sourceTree = "<group>";
		};
		1F479BB526EF162400F863AC /* TahuduTests */ = {
			isa = PBXGroup;
			children = (
				1F479BB626EF162400F863AC /* TahuduTests.swift */,
			);
			path = TahuduTests;
			sourceTree = "<group>";
		};
		1F479BCF26EF17EC00F863AC /* Extensions */ = {
			isa = PBXGroup;
			children = (
				2D86810E2F8C2BA30068E2B5 /* Foundation */,
				2D86810D2F8C2B740068E2B5 /* SwiftUI */,
				2D86810C2F8C2B690068E2B5 /* UIKit */,
			);
			path = Extensions;
			sourceTree = "<group>";
		};
		1F479BD026EF17F600F863AC /* Assets */ = {
			isa = PBXGroup;
			children = (
				1F479BA926EF162400F863AC /* Assets.xcassets */,
				1F479BD626EF1A0200F863AC /* Colors.swift */,
				2D348A0E2F89BC9500ADA472 /* SFSymbol.swift */,
			);
			path = Assets;
			sourceTree = "<group>";
		};
		1F479BD126EF180500F863AC /* Screens */ = {
			isa = PBXGroup;
			children = (
				1F479BDA26EF1AB100F863AC /* Search */,
				1F479BDB26EF1AB900F863AC /* Settings */,
			);
			path = Screens;
			sourceTree = "<group>";
		};
		1F479BD226EF181900F863AC /* Components */ = {
			isa = PBXGroup;
			children = (
				2D8680FF2F8BCB5D0068E2B5 /* Toast */,
				2DFCB70C2F8AD00700B78EA1 /* Tags */,
				1F479BE926EF332E00F863AC /* Buttons */,
				1F479BD326EF182600F863AC /* TextFields */,
			);
			path = Components;
			sourceTree = "<group>";
		};
		1F479BD326EF182600F863AC /* TextFields */ = {
			isa = PBXGroup;
			children = (
				1F479BD426EF18B800F863AC /* ClearableTextField.swift */,
			);
			path = TextFields;
			sourceTree = "<group>";
		};
		1F479BDA26EF1AB100F863AC /* Search */ = {
			isa = PBXGroup;
			children = (
				2D8681152F8C30510068E2B5 /* Components */,
				2D348A202F8A7CD400ADA472 /* SearchViewModel.swift */,
				1F479BDC26EF1AD400F863AC /* SearchView.swift */,
			);
			path = Search;
			sourceTree = "<group>";
		};
		1F479BDB26EF1AB900F863AC /* Settings */ = {
			isa = PBXGroup;
			children = (
				2D8681052F8BDF350068E2B5 /* Cells */,
				1F479BDE26EF1AE600F863AC /* SettingsView.swift */,
				1F479BED26F06FDD00F863AC /* SettingsViewController.swift */,
				2D8681072F8BE3900068E2B5 /* SettingsViewModel.swift */,
			);
			path = Settings;
			sourceTree = "<group>";
		};
		1F479BE926EF332E00F863AC /* Buttons */ = {
			isa = PBXGroup;
			children = (
				2D348A0C2F89BC7600ADA472 /* FavoriteButton.swift */,
				1F479BEA26EF333800F863AC /* ContactButton.swift */,
			);
			path = Buttons;
			sourceTree = "<group>";
		};
		1F566C0627296406000D4E93 /* Models */ = {
			isa = PBXGroup;
			children = (
				2D86810F2F8C2BE50068E2B5 /* CoreData */,
				2D8681022F8BDF1D0068E2B5 /* SettingsItem.swift */,
				2D348A3C2F8AAA4100ADA472 /* PropertyTag.swift */,
				2D348A1F2F8A7C3500ADA472 /* APIModels */,
				2D348A022F89B2D700ADA472 /* Property.swift */,
				1F566C072729641D000D4E93 /* ContactType.swift */,
			);
			path = Models;
			sourceTree = "<group>";
		};
		2D348A162F8A675B00ADA472 /* Networking */ = {
			isa = PBXGroup;
			children = (
				2D348A132F8A675B00ADA472 /* PropertyEndpoint.swift */,
				2D348A222F8A8A0000ADA472 /* listings_sample.json */,
				2D8681112F8C2ECB0068E2B5 /* EndpointExt.swift */,
			);
			path = Networking;
			sourceTree = "<group>";
		};
		2D348A1F2F8A7C3500ADA472 /* APIModels */ = {
			isa = PBXGroup;
			children = (
				2D348A272F8A84FC00ADA472 /* APIToDomainConverter.swift */,
				2D348A1D2F8A7C2C00ADA472 /* ListingsResponse.swift */,
			);
			path = APIModels;
			sourceTree = "<group>";
		};
		2D348A262F8A7F9000ADA472 /* NetworkWrapper */ = {
			isa = PBXGroup;
			children = (
				2D348A242F8A7F1400ADA472 /* APIProvider.swift */,
				2D348A122F8A675B00ADA472 /* Endpoint.swift */,
				2D348A142F8A675B00ADA472 /* RequestBuilder.swift */,
				2D348A102F8A675B00ADA472 /* APIError.swift */,
			);
			path = NetworkWrapper;
			sourceTree = "<group>";
		};
		2D348A2D2F8A9D3000ADA472 /* Persistence */ = {
			isa = PBXGroup;
			children = (
				2D348A2B2F8A9D3000ADA472 /* FavouritesStore.swift */,
			);
			path = Persistence;
			sourceTree = "<group>";
		};
		2D348A312F8A9E5400ADA472 /* Repository */ = {
			isa = PBXGroup;
			children = (
				2D348A302F8A9E5400ADA472 /* PropertyRepository.swift */,
			);
			path = Repository;
			sourceTree = "<group>";
		};
		2D348A402F8AACFC00ADA472 /* Resources */ = {
			isa = PBXGroup;
			children = (
				2D348A412F8AAD2300ADA472 /* Localization */,
				1F479BD026EF17F600F863AC /* Assets */,
				2D348A292F8A90FF00ADA472 /* Tahudu.xcdatamodeld */,
			);
			path = Resources;
			sourceTree = "<group>";
		};
		2D348A412F8AAD2300ADA472 /* Localization */ = {
			isa = PBXGroup;
			children = (
				2D348A422F8AAD5900ADA472 /* Localizable.xcstrings */,
			);
			path = Localization;
			sourceTree = "<group>";
		};
		2D8680FF2F8BCB5D0068E2B5 /* Toast */ = {
			isa = PBXGroup;
			children = (
				2D8680FD2F8BCB5D0068E2B5 /* ToastView.swift */,
			);
			path = Toast;
			sourceTree = "<group>";
		};
		2D8681052F8BDF350068E2B5 /* Cells */ = {
			isa = PBXGroup;
			children = (
				2D8681042F8BDF350068E2B5 /* SettingsCell.swift */,
			);
			path = Cells;
			sourceTree = "<group>";
		};
		2D86810B2F8C2B2E0068E2B5 /* Global */ = {
			isa = PBXGroup;
			children = (
				2D8681102F8C2D690068E2B5 /* Helpers */,
				1F479BCF26EF17EC00F863AC /* Extensions */,
				1F479BD226EF181900F863AC /* Components */,
			);
			path = Global;
			sourceTree = "<group>";
		};
		2D86810C2F8C2B690068E2B5 /* UIKit */ = {
			isa = PBXGroup;
			children = (
				2D8681092F8BE4A80068E2B5 /* UITableViewExt.swift */,
			);
			path = UIKit;
			sourceTree = "<group>";
		};
		2D86810D2F8C2B740068E2B5 /* SwiftUI */ = {
			isa = PBXGroup;
			children = (
				2D348A0A2F89B67900ADA472 /* FontExt.swift */,
				1F566C05272963EE000D4E93 /* Image.swift */,
			);
			path = SwiftUI;
			sourceTree = "<group>";
		};
		2D86810E2F8C2BA30068E2B5 /* Foundation */ = {
			isa = PBXGroup;
			children = (
				2D348A3E2F8AAA6700ADA472 /* DateExt.swift */,
			);
			path = Foundation;
			sourceTree = "<group>";
		};
		2D86810F2F8C2BE50068E2B5 /* CoreData */ = {
			isa = PBXGroup;
			children = (
				2D348A372F8AA19400ADA472 /* FavouriteProperty.swift */,
			);
			path = CoreData;
			sourceTree = "<group>";
		};
		2D8681102F8C2D690068E2B5 /* Helpers */ = {
			isa = PBXGroup;
			children = (
				2D8681132F8C2FD00068E2B5 /* Persistence */,
				2D348A262F8A7F9000ADA472 /* NetworkWrapper */,
			);
			path = Helpers;
			sourceTree = "<group>";
		};
		2D8681132F8C2FD00068E2B5 /* Persistence */ = {
			isa = PBXGroup;
			children = (
				2D348A2C2F8A9D3000ADA472 /* PersistenceController.swift */,
			);
			path = Persistence;
			sourceTree = "<group>";
		};
		2D8681152F8C30510068E2B5 /* Components */ = {
			isa = PBXGroup;
			children = (
				2D348A042F89B2F200ADA472 /* CardView.swift */,
				2D348A052F89B2F200ADA472 /* CarouselView.swift */,
			);
			path = Components;
			sourceTree = "<group>";
		};
		2DFCB70C2F8AD00700B78EA1 /* Tags */ = {
			isa = PBXGroup;
			children = (
				2D348A062F89B2F200ADA472 /* TagsView.swift */,
				2DFCB70D2F8AD02900B78EA1 /* TagView.swift */,
			);
			path = Tags;
			sourceTree = "<group>";
		};
/* End PBXGroup section */

/* Begin PBXNativeTarget section */
		1F479BA126EF162000F863AC /* Tahudu */ = {
			isa = PBXNativeTarget;
			buildConfigurationList = 1F479BC626EF162400F863AC /* Build configuration list for PBXNativeTarget "Tahudu" */;
			buildPhases = (
				1F479B9E26EF162000F863AC /* Sources */,
				1F479B9F26EF162000F863AC /* Frameworks */,
				1F479BA026EF162000F863AC /* Resources */,
			);
			buildRules = (
			);
			dependencies = (
			);
			name = Tahudu;
			productName = Tahudu;
			productReference = 1F479BA226EF162000F863AC /* Tahudu.app */;
			productType = "com.apple.product-type.application";
		};
		1F479BB126EF162400F863AC /* TahuduTests */ = {
			isa = PBXNativeTarget;
			buildConfigurationList = 1F479BC926EF162400F863AC /* Build configuration list for PBXNativeTarget "TahuduTests" */;
			buildPhases = (
				1F479BAE26EF162400F863AC /* Sources */,
				1F479BAF26EF162400F863AC /* Frameworks */,
				1F479BB026EF162400F863AC /* Resources */,
			);
			buildRules = (
			);
			dependencies = (
				1F479BB426EF162400F863AC /* PBXTargetDependency */,
			);
			name = TahuduTests;
			productName = TahuduTests;
			productReference = 1F479BB226EF162400F863AC /* TahuduTests.xctest */;
			productType = "com.apple.product-type.bundle.unit-test";
		};
/* End PBXNativeTarget section */

/* Begin PBXProject section */
		1F479B9A26EF162000F863AC /* Project object */ = {
			isa = PBXProject;
			attributes = {
				BuildIndependentTargetsInParallel = 1;
				LastSwiftUpdateCheck = 1300;
				LastUpgradeCheck = 1300;
				TargetAttributes = {
					1F479BA126EF162000F863AC = {
						CreatedOnToolsVersion = 13.0;
					};
					1F479BB126EF162400F863AC = {
						CreatedOnToolsVersion = 13.0;
						TestTargetID = 1F479BA126EF162000F863AC;
					};
				};
			};
			buildConfigurationList = 1F479B9D26EF162000F863AC /* Build configuration list for PBXProject "Tahudu" */;
			compatibilityVersion = "Xcode 13.0";
			developmentRegion = en;
			hasScannedForEncodings = 0;
			knownRegions = (
				en,
				Base,
			);
			mainGroup = 1F479B9926EF162000F863AC;
			productRefGroup = 1F479BA326EF162000F863AC /* Products */;
			projectDirPath = "";
			projectRoot = "";
			targets = (
				1F479BA126EF162000F863AC /* Tahudu */,
				1F479BB126EF162400F863AC /* TahuduTests */,
			);
		};
/* End PBXProject section */

/* Begin PBXResourcesBuildPhase section */
		1F479BA026EF162000F863AC /* Resources */ = {
			isa = PBXResourcesBuildPhase;
			buildActionMask = 2147483647;
			files = (
				1F479BAD26EF162400F863AC /* Preview Assets.xcassets in Resources */,
				1F479BAA26EF162400F863AC /* Assets.xcassets in Resources */,
				2D348A432F8AAD5900ADA472 /* Localizable.xcstrings in Resources */,
				2D348A232F8A8A0000ADA472 /* listings_sample.json in Resources */,
			);
			runOnlyForDeploymentPostprocessing = 0;
		};
		1F479BB026EF162400F863AC /* Resources */ = {
			isa = PBXResourcesBuildPhase;
			buildActionMask = 2147483647;
			files = (
			);
			runOnlyForDeploymentPostprocessing = 0;
		};
/* End PBXResourcesBuildPhase section */

/* Begin PBXSourcesBuildPhase section */
		1F479B9E26EF162000F863AC /* Sources */ = {
			isa = PBXSourcesBuildPhase;
			buildActionMask = 2147483647;
			files = (
				2D348A392F8AA19400ADA472 /* FavouriteProperty.swift in Sources */,
				1F479BDD26EF1AD400F863AC /* SearchView.swift in Sources */,
				2D348A322F8A9E5400ADA472 /* PropertyRepository.swift in Sources */,
				1F479BD726EF1A0200F863AC /* Colors.swift in Sources */,
				2D8681062F8BDF350068E2B5 /* SettingsCell.swift in Sources */,
				2D8681082F8BE3900068E2B5 /* SettingsViewModel.swift in Sources */,
				2D348A032F89B2D700ADA472 /* Property.swift in Sources */,
				2D348A072F89B2F200ADA472 /* TagsView.swift in Sources */,
				2D8681122F8C2ECB0068E2B5 /* EndpointExt.swift in Sources */,
				2D348A082F89B2F200ADA472 /* CardView.swift in Sources */,
				2D348A092F89B2F200ADA472 /* CarouselView.swift in Sources */,
				1F479BD526EF18B800F863AC /* ClearableTextField.swift in Sources */,
				1F479BDF26EF1AE600F863AC /* SettingsView.swift in Sources */,
				2D348A2E2F8A9D3000ADA472 /* FavouritesStore.swift in Sources */,
				2D8681012F8BCB5D0068E2B5 /* ToastView.swift in Sources */,
				2D348A2F2F8A9D3000ADA472 /* PersistenceController.swift in Sources */,
				2D348A0B2F89B67900ADA472 /* FontExt.swift in Sources */,
				2D348A3D2F8AAA4100ADA472 /* PropertyTag.swift in Sources */,
				2D348A0F2F89BC9500ADA472 /* SFSymbol.swift in Sources */,
				1F479BA626EF162000F863AC /* TahuduApp.swift in Sources */,
				2D8681032F8BDF1D0068E2B5 /* SettingsItem.swift in Sources */,
				1F566C08272964C6000D4E93 /* ContactType.swift in Sources */,
				2DFCB70E2F8AD02900B78EA1 /* TagView.swift in Sources */,
				2D348A0D2F89BC7600ADA472 /* FavoriteButton.swift in Sources */,
				2D348A1E2F8A7C2D00ADA472 /* ListingsResponse.swift in Sources */,
				1F479BD926EF1A9600F863AC /* TahuduTabView.swift in Sources */,
				2D348A172F8A675C00ADA472 /* RequestBuilder.swift in Sources */,
				2D348A3B2F8AA30F00ADA472 /* Tahudu.xcdatamodeld in Sources */,
				2D348A252F8A7F1400ADA472 /* APIProvider.swift in Sources */,
				2D348A282F8A84FC00ADA472 /* APIToDomainConverter.swift in Sources */,
				2D348A1A2F8A675C00ADA472 /* APIError.swift in Sources */,
				2D86810A2F8BE4A80068E2B5 /* UITableViewExt.swift in Sources */,
				2D348A1B2F8A675C00ADA472 /* PropertyEndpoint.swift in Sources */,
				2D348A1C2F8A675C00ADA472 /* Endpoint.swift in Sources */,
				2D348A212F8A7CD400ADA472 /* SearchViewModel.swift in Sources */,
				1F479BEB26EF333800F863AC /* ContactButton.swift in Sources */,
				1F479BEE26F06FDD00F863AC /* SettingsViewController.swift in Sources */,
				1F566C0927296594000D4E93 /* Image.swift in Sources */,
				2D348A3F2F8AAA6700ADA472 /* DateExt.swift in Sources */,
			);
			runOnlyForDeploymentPostprocessing = 0;
		};
		1F479BAE26EF162400F863AC /* Sources */ = {
			isa = PBXSourcesBuildPhase;
			buildActionMask = 2147483647;
			files = (
				1F479BB726EF162400F863AC /* TahuduTests.swift in Sources */,
			);
			runOnlyForDeploymentPostprocessing = 0;
		};
/* End PBXSourcesBuildPhase section */

/* Begin PBXTargetDependency section */
		1F479BB426EF162400F863AC /* PBXTargetDependency */ = {
			isa = PBXTargetDependency;
			target = 1F479BA126EF162000F863AC /* Tahudu */;
			targetProxy = 1F479BB326EF162400F863AC /* PBXContainerItemProxy */;
		};
/* End PBXTargetDependency section */

/* Begin XCBuildConfiguration section */
		1F479BC426EF162400F863AC /* Debug */ = {
			isa = XCBuildConfiguration;
			buildSettings = {
				ALWAYS_SEARCH_USER_PATHS = NO;
				CLANG_ANALYZER_NONNULL = YES;
				CLANG_ANALYZER_NUMBER_OBJECT_CONVERSION = YES_AGGRESSIVE;
				CLANG_CXX_LANGUAGE_STANDARD = "gnu++17";
				CLANG_CXX_LIBRARY = "libc++";
				CLANG_ENABLE_MODULES = YES;
				CLANG_ENABLE_OBJC_ARC = YES;
				CLANG_ENABLE_OBJC_WEAK = YES;
				CLANG_WARN_BLOCK_CAPTURE_AUTORELEASING = YES;
				CLANG_WARN_BOOL_CONVERSION = YES;
				CLANG_WARN_COMMA = YES;
				CLANG_WARN_CONSTANT_CONVERSION = YES;
				CLANG_WARN_DEPRECATED_OBJC_IMPLEMENTATIONS = YES;
				CLANG_WARN_DIRECT_OBJC_ISA_USAGE = YES_ERROR;
				CLANG_WARN_DOCUMENTATION_COMMENTS = YES;
				CLANG_WARN_EMPTY_BODY = YES;
				CLANG_WARN_ENUM_CONVERSION = YES;
				CLANG_WARN_INFINITE_RECURSION = YES;
				CLANG_WARN_INT_CONVERSION = YES;
				CLANG_WARN_NON_LITERAL_NULL_CONVERSION = YES;
				CLANG_WARN_OBJC_IMPLICIT_RETAIN_SELF = YES;
				CLANG_WARN_OBJC_LITERAL_CONVERSION = YES;
				CLANG_WARN_OBJC_ROOT_CLASS = YES_ERROR;
				CLANG_WARN_QUOTED_INCLUDE_IN_FRAMEWORK_HEADER = YES;
				CLANG_WARN_RANGE_LOOP_ANALYSIS = YES;
				CLANG_WARN_STRICT_PROTOTYPES = YES;
				CLANG_WARN_SUSPICIOUS_MOVE = YES;
				CLANG_WARN_UNGUARDED_AVAILABILITY = YES_AGGRESSIVE;
				CLANG_WARN_UNREACHABLE_CODE = YES;
				CLANG_WARN__DUPLICATE_METHOD_MATCH = YES;
				COPY_PHASE_STRIP = NO;
				DEBUG_INFORMATION_FORMAT = dwarf;
				ENABLE_STRICT_OBJC_MSGSEND = YES;
				ENABLE_TESTABILITY = YES;
				GCC_C_LANGUAGE_STANDARD = gnu11;
				GCC_DYNAMIC_NO_PIC = NO;
				GCC_NO_COMMON_BLOCKS = YES;
				GCC_OPTIMIZATION_LEVEL = 0;
				GCC_PREPROCESSOR_DEFINITIONS = (
					"DEBUG=1",
					"$(inherited)",
				);
				GCC_WARN_64_TO_32_BIT_CONVERSION = YES;
				GCC_WARN_ABOUT_RETURN_TYPE = YES_ERROR;
				GCC_WARN_UNDECLARED_SELECTOR = YES;
				GCC_WARN_UNINITIALIZED_AUTOS = YES_AGGRESSIVE;
				GCC_WARN_UNUSED_FUNCTION = YES;
				GCC_WARN_UNUSED_VARIABLE = YES;
				IPHONEOS_DEPLOYMENT_TARGET = 15.0;
				MTL_ENABLE_DEBUG_INFO = INCLUDE_SOURCE;
				MTL_FAST_MATH = YES;
				ONLY_ACTIVE_ARCH = YES;
				SDKROOT = iphoneos;
				SWIFT_ACTIVE_COMPILATION_CONDITIONS = DEBUG;
				SWIFT_EMIT_LOC_STRINGS = YES;
				SWIFT_OPTIMIZATION_LEVEL = "-Onone";
			};
			name = Debug;
		};
		1F479BC526EF162400F863AC /* Release */ = {
			isa = XCBuildConfiguration;
			buildSettings = {
				ALWAYS_SEARCH_USER_PATHS = NO;
				CLANG_ANALYZER_NONNULL = YES;
				CLANG_ANALYZER_NUMBER_OBJECT_CONVERSION = YES_AGGRESSIVE;
				CLANG_CXX_LANGUAGE_STANDARD = "gnu++17";
				CLANG_CXX_LIBRARY = "libc++";
				CLANG_ENABLE_MODULES = YES;
				CLANG_ENABLE_OBJC_ARC = YES;
				CLANG_ENABLE_OBJC_WEAK = YES;
				CLANG_WARN_BLOCK_CAPTURE_AUTORELEASING = YES;
				CLANG_WARN_BOOL_CONVERSION = YES;
				CLANG_WARN_COMMA = YES;
				CLANG_WARN_CONSTANT_CONVERSION = YES;
				CLANG_WARN_DEPRECATED_OBJC_IMPLEMENTATIONS = YES;
				CLANG_WARN_DIRECT_OBJC_ISA_USAGE = YES_ERROR;
				CLANG_WARN_DOCUMENTATION_COMMENTS = YES;
				CLANG_WARN_EMPTY_BODY = YES;
				CLANG_WARN_ENUM_CONVERSION = YES;
				CLANG_WARN_INFINITE_RECURSION = YES;
				CLANG_WARN_INT_CONVERSION = YES;
				CLANG_WARN_NON_LITERAL_NULL_CONVERSION = YES;
				CLANG_WARN_OBJC_IMPLICIT_RETAIN_SELF = YES;
				CLANG_WARN_OBJC_LITERAL_CONVERSION = YES;
				CLANG_WARN_OBJC_ROOT_CLASS = YES_ERROR;
				CLANG_WARN_QUOTED_INCLUDE_IN_FRAMEWORK_HEADER = YES;
				CLANG_WARN_RANGE_LOOP_ANALYSIS = YES;
				CLANG_WARN_STRICT_PROTOTYPES = YES;
				CLANG_WARN_SUSPICIOUS_MOVE = YES;
				CLANG_WARN_UNGUARDED_AVAILABILITY = YES_AGGRESSIVE;
				CLANG_WARN_UNREACHABLE_CODE = YES;
				CLANG_WARN__DUPLICATE_METHOD_MATCH = YES;
				COPY_PHASE_STRIP = NO;
				DEBUG_INFORMATION_FORMAT = "dwarf-with-dsym";
				ENABLE_NS_ASSERTIONS = NO;
				ENABLE_STRICT_OBJC_MSGSEND = YES;
				GCC_C_LANGUAGE_STANDARD = gnu11;
				GCC_NO_COMMON_BLOCKS = YES;
				GCC_WARN_64_TO_32_BIT_CONVERSION = YES;
				GCC_WARN_ABOUT_RETURN_TYPE = YES_ERROR;
				GCC_WARN_UNDECLARED_SELECTOR = YES;
				GCC_WARN_UNINITIALIZED_AUTOS = YES_AGGRESSIVE;
				GCC_WARN_UNUSED_FUNCTION = YES;
				GCC_WARN_UNUSED_VARIABLE = YES;
				IPHONEOS_DEPLOYMENT_TARGET = 15.0;
				MTL_ENABLE_DEBUG_INFO = NO;
				MTL_FAST_MATH = YES;
				SDKROOT = iphoneos;
				SWIFT_COMPILATION_MODE = wholemodule;
				SWIFT_EMIT_LOC_STRINGS = YES;
				SWIFT_OPTIMIZATION_LEVEL = "-O";
				VALIDATE_PRODUCT = YES;
			};
			name = Release;
		};
		1F479BC726EF162400F863AC /* Debug */ = {
			isa = XCBuildConfiguration;
			buildSettings = {
				ASSETCATALOG_COMPILER_APPICON_NAME = AppIcon;
				ASSETCATALOG_COMPILER_GLOBAL_ACCENT_COLOR_NAME = Accent;
				CODE_SIGN_STYLE = Automatic;
				CURRENT_PROJECT_VERSION = 1;
				DEVELOPMENT_ASSET_PATHS = "\"Tahudu/Preview Content\"";
				DEVELOPMENT_TEAM = ZC869D3D9T;
				ENABLE_PREVIEWS = YES;
				GENERATE_INFOPLIST_FILE = YES;
				INFOPLIST_KEY_UIApplicationSceneManifest_Generation = YES;
				INFOPLIST_KEY_UIApplicationSupportsIndirectInputEvents = YES;
				INFOPLIST_KEY_UILaunchScreen_Generation = YES;
				INFOPLIST_KEY_UISupportedInterfaceOrientations_iPad = "UIInterfaceOrientationPortrait UIInterfaceOrientationPortraitUpsideDown UIInterfaceOrientationLandscapeLeft UIInterfaceOrientationLandscapeRight";
				INFOPLIST_KEY_UISupportedInterfaceOrientations_iPhone = "UIInterfaceOrientationPortrait UIInterfaceOrientationLandscapeLeft UIInterfaceOrientationLandscapeRight";
				IPHONEOS_DEPLOYMENT_TARGET = 17.6;
				LD_RUNPATH_SEARCH_PATHS = (
					"$(inherited)",
					"@executable_path/Frameworks",
				);
				MARKETING_VERSION = 1.0;
				PRODUCT_BUNDLE_IDENTIFIER = ae.propertyfinder.Tahudu;
				PRODUCT_NAME = "$(TARGET_NAME)";
				SWIFT_EMIT_LOC_STRINGS = YES;
				SWIFT_VERSION = 5.0;
				TARGETED_DEVICE_FAMILY = "1,2";
			};
			name = Debug;
		};
		1F479BC826EF162400F863AC /* Release */ = {
			isa = XCBuildConfiguration;
			buildSettings = {
				ASSETCATALOG_COMPILER_APPICON_NAME = AppIcon;
				ASSETCATALOG_COMPILER_GLOBAL_ACCENT_COLOR_NAME = Accent;
				CODE_SIGN_STYLE = Automatic;
				CURRENT_PROJECT_VERSION = 1;
				DEVELOPMENT_ASSET_PATHS = "\"Tahudu/Preview Content\"";
				DEVELOPMENT_TEAM = ZC869D3D9T;
				ENABLE_PREVIEWS = YES;
				GENERATE_INFOPLIST_FILE = YES;
				INFOPLIST_KEY_UIApplicationSceneManifest_Generation = YES;
				INFOPLIST_KEY_UIApplicationSupportsIndirectInputEvents = YES;
				INFOPLIST_KEY_UILaunchScreen_Generation = YES;
				INFOPLIST_KEY_UISupportedInterfaceOrientations_iPad = "UIInterfaceOrientationPortrait UIInterfaceOrientationPortraitUpsideDown UIInterfaceOrientationLandscapeLeft UIInterfaceOrientationLandscapeRight";
				INFOPLIST_KEY_UISupportedInterfaceOrientations_iPhone = "UIInterfaceOrientationPortrait UIInterfaceOrientationLandscapeLeft UIInterfaceOrientationLandscapeRight";
				IPHONEOS_DEPLOYMENT_TARGET = 17.6;
				LD_RUNPATH_SEARCH_PATHS = (
					"$(inherited)",
					"@executable_path/Frameworks",
				);
				MARKETING_VERSION = 1.0;
				PRODUCT_BUNDLE_IDENTIFIER = ae.propertyfinder.Tahudu;
				PRODUCT_NAME = "$(TARGET_NAME)";
				SWIFT_EMIT_LOC_STRINGS = YES;
				SWIFT_VERSION = 5.0;
				TARGETED_DEVICE_FAMILY = "1,2";
			};
			name = Release;
		};
		1F479BCA26EF162400F863AC /* Debug */ = {
			isa = XCBuildConfiguration;
			buildSettings = {
				ALWAYS_EMBED_SWIFT_STANDARD_LIBRARIES = YES;
				BUNDLE_LOADER = "$(TEST_HOST)";
				CODE_SIGN_STYLE = Automatic;
				CURRENT_PROJECT_VERSION = 1;
				DEVELOPMENT_TEAM = ZC869D3D9T;
				GENERATE_INFOPLIST_FILE = YES;
				IPHONEOS_DEPLOYMENT_TARGET = 14.0;
				LD_RUNPATH_SEARCH_PATHS = (
					"$(inherited)",
					"@executable_path/Frameworks",
					"@loader_path/Frameworks",
				);
				MARKETING_VERSION = 1.0;
				PRODUCT_BUNDLE_IDENTIFIER = ae.propertyfinder.TahuduTests;
				PRODUCT_NAME = "$(TARGET_NAME)";
				SWIFT_EMIT_LOC_STRINGS = NO;
				SWIFT_VERSION = 5.0;
				TARGETED_DEVICE_FAMILY = "1,2";
				TEST_HOST = "$(BUILT_PRODUCTS_DIR)/Tahudu.app/Tahudu";
			};
			name = Debug;
		};
		1F479BCB26EF162400F863AC /* Release */ = {
			isa = XCBuildConfiguration;
			buildSettings = {
				ALWAYS_EMBED_SWIFT_STANDARD_LIBRARIES = YES;
				BUNDLE_LOADER = "$(TEST_HOST)";
				CODE_SIGN_STYLE = Automatic;
				CURRENT_PROJECT_VERSION = 1;
				DEVELOPMENT_TEAM = ZC869D3D9T;
				GENERATE_INFOPLIST_FILE = YES;
				IPHONEOS_DEPLOYMENT_TARGET = 14.0;
				LD_RUNPATH_SEARCH_PATHS = (
					"$(inherited)",
					"@executable_path/Frameworks",
					"@loader_path/Frameworks",
				);
				MARKETING_VERSION = 1.0;
				PRODUCT_BUNDLE_IDENTIFIER = ae.propertyfinder.TahuduTests;
				PRODUCT_NAME = "$(TARGET_NAME)";
				SWIFT_EMIT_LOC_STRINGS = NO;
				SWIFT_VERSION = 5.0;
				TARGETED_DEVICE_FAMILY = "1,2";
				TEST_HOST = "$(BUILT_PRODUCTS_DIR)/Tahudu.app/Tahudu";
			};
			name = Release;
		};
/* End XCBuildConfiguration section */

/* Begin XCConfigurationList section */
		1F479B9D26EF162000F863AC /* Build configuration list for PBXProject "Tahudu" */ = {
			isa = XCConfigurationList;
			buildConfigurations = (
				1F479BC426EF162400F863AC /* Debug */,
				1F479BC526EF162400F863AC /* Release */,
			);
			defaultConfigurationIsVisible = 0;
			defaultConfigurationName = Release;
		};
		1F479BC626EF162400F863AC /* Build configuration list for PBXNativeTarget "Tahudu" */ = {
			isa = XCConfigurationList;
			buildConfigurations = (
				1F479BC726EF162400F863AC /* Debug */,
				1F479BC826EF162400F863AC /* Release */,
			);
			defaultConfigurationIsVisible = 0;
			defaultConfigurationName = Release;
		};
		1F479BC926EF162400F863AC /* Build configuration list for PBXNativeTarget "TahuduTests" */ = {
			isa = XCConfigurationList;
			buildConfigurations = (
				1F479BCA26EF162400F863AC /* Debug */,
				1F479BCB26EF162400F863AC /* Release */,
			);
			defaultConfigurationIsVisible = 0;
			defaultConfigurationName = Release;
		};
/* End XCConfigurationList section */

/* Begin XCVersionGroup section */
		2D348A292F8A90FF00ADA472 /* Tahudu.xcdatamodeld */ = {
			isa = XCVersionGroup;
			children = (
				2D348A2A2F8A90FF00ADA472 /* Tahudu.xcdatamodel */,
			);
			currentVersion = 2D348A2A2F8A90FF00ADA472 /* Tahudu.xcdatamodel */;
			path = Tahudu.xcdatamodeld;
			sourceTree = "<group>";
			versionGroupType = wrapper.xcdatamodel;
		};
/* End XCVersionGroup section */
	};
	rootObject = 1F479B9A26EF162000F863AC /* Project object */;
}
